
Microsoft Visual Studio Solution File, Format Version 11.00
# Visual Studio 2010
Project("{8BC9CEB8-8B4A-11D0-8D11-00A0C91BC942}") = "QuickFAST_VC110", "QuickFAST_VC110.vcxproj", "{6B6C5DA2-CE82-418B-96BB-B1B95E66A821}"
EndProject
Global
	GlobalSection(SolutionConfigurationPlatforms) = preSolution
		Debug_StaticRT|Win32 = Debug_StaticRT|Win32
		Debug_StaticRT|x64 = Debug_StaticRT|x64
		Debug|Win32 = Debug|Win32
		Debug|x64 = Debug|x64
		Release_StaticRT|Win32 = Release_StaticRT|Win32
		Release_StaticRT|x64 = Release_StaticRT|x64
		Release|Win32 = Release|Win32
		Release|x64 = Release|x64
	EndGlobalSection
	GlobalSection(ProjectConfigurationPlatforms) = postSolution
		{6B6C5DA2-CE82-418B-96BB-B1B95E66A821}.Debug_StaticRT|Win32.ActiveCfg = Debug_StaticRT|Win32
		{6B6C5DA2-CE82-418B-96BB-B1B95E66A821}.Debug_StaticRT|Win32.Build.0 = Debug_StaticRT|Win32
		{6B6C5DA2-CE82-418B-96BB-B1B95E66A821}.Debug_StaticRT|x64.ActiveCfg = Debug_StaticRT|x64
		{6B6C5DA2-CE82-418B-96BB-B1B95E66A821}.Debug_StaticRT|x64.Build.0 = Debug_StaticRT|x64
		{6B6C5DA2-CE82-418B-96BB-B1B95E66A821}.Debug|Win32.ActiveCfg = Debug|Win32
		{6B6C5DA2-CE82-418B-96BB-B1B95E66A821}.Debug|Win32.Build.0 = Debug|Win32
		{6B6C5DA2-CE82-418B-96BB-B1B95E66A821}.Debug|x64.ActiveCfg = Debug|x64
		{6B6C5DA2-CE82-418B-96BB-B1B95E66A821}.Debug|x64.Build.0 = Debug|x64
		{6B6C5DA2-CE82-418B-96BB-B1B95E66A821}.Release_StaticRT|Win32.ActiveCfg = Release_StaticRT|Win32
		{6B6C5DA2-CE82-418B-96BB-B1B95E66A821}.Release_StaticRT|Win32.Build.0 = Release_StaticRT|Win32
		{6B6C5DA2-CE82-418B-96BB-B1B95E66A821}.Release_StaticRT|x64.ActiveCfg = Release_StaticRT|x64
		{6B6C5DA2-CE82-418B-96BB-B1B95E66A821}.Release_StaticRT|x64.Build.0 = Release_StaticRT|x64
		{6B6C5DA2-CE82-418B-96BB-B1B95E66A821}.Release|Win32.ActiveCfg = Release|Win32
		{6B6C5DA2-CE82-418B-96BB-B1B95E66A821}.Release|Win32.Build.0 = Release|Win32
		{6B6C5DA2-CE82-418B-96BB-B1B95E66A821}.Release|x64.ActiveCfg = Release|x64
		{6B6C5DA2-CE82-418B-96BB-B1B95E66A821}.Release|x64.Build.0 = Release|x64
	EndGlobalSection
	GlobalSection(SolutionProperties) = preSolution
		HideSolutionNode = FALSE
	EndGlobalSection
EndGlobal
